
Microsoft Visual Studio Solution File, Format Version 12.00
# Visual Studio Version 17
VisualStudioVersion = 17.3.32825.248
MinimumVisualStudioVersion = 10.0.40219.1
Project("{9A19103F-16F7-4668-BE54-9A1E7A4F7556}") = "HomeWork Csharp", "HomeWork Csharp.csproj", "{172C5CA3-30EC-41A5-A7DC-AD0B9ED09EC8}"
EndProject
Project("{9A19103F-16F7-4668-BE54-9A1E7A4F7556}") = "remove specified a character from a non-empty", "..\remove specified a character from a non-empty\remove specified a character from a non-empty.csproj", "{1CB59CFB-F233-4812-9724-31FE5DFFB016}"
EndProject
Project("{9A19103F-16F7-4668-BE54-9A1E7A4F7556}") = "first and last characters will change their positions", "..\first and last characters will change their positions\first and last characters will change their positions.csproj", "{82B84115-EB25-4D33-A910-D63D61BEB1F9}"
EndProject
Project("{9A19103F-16F7-4668-BE54-9A1E7A4F7556}") = "first character added at the front and back", "..\first character added at the front and back\first character added at the front and back.csproj", "{47F7B8E3-7CA7-4396-83B2-4CE287BE8AAB}"
EndProject
Project("{9A19103F-16F7-4668-BE54-9A1E7A4F7556}") = "string into lowercase", "..\string into lowercase\string into lowercase.csproj", "{80150B38-1638-4DAB-BDF9-3DAD98C55369}"
EndProject
Project("{9A19103F-16F7-4668-BE54-9A1E7A4F7556}") = "longest word in a string", "..\longest word in a string\longest word in a string.csproj", "{BD52C17B-2E8F-450E-88CF-9CFDFDF6E9D2}"
EndProject
Project("{9A19103F-16F7-4668-BE54-9A1E7A4F7556}") = "reverse the words of a sentence", "..\reverse the words of a sentence\reverse the words of a sentence.csproj", "{FFB30CF4-396B-4432-B275-4E9DBEEF4A6C}"
EndProject
Project("{9A19103F-16F7-4668-BE54-9A1E7A4F7556}") = "lastFourCharacters_from_String", "..\lastFourCharacters_from_String\lastFourCharacters_from_String.csproj", "{8A5A3EB4-15B2-40FD-AD91-6104D58A087E}"
EndProject
Project("{9A19103F-16F7-4668-BE54-9A1E7A4F7556}") = "starts with a specified word", "..\starts with a specified word\starts with a specified word.csproj", "{5BF383B9-9002-47AA-BA74-1EE10E0C1DF6}"
EndProject
Project("{9A19103F-16F7-4668-BE54-9A1E7A4F7556}") = "HP appears at second position", "..\HP appears at second position\HP appears at second position.csproj", "{AD15F5CC-60D5-483A-9EF8-953EAAA7E6A0}"
EndProject
Project("{FAE04EC0-301F-11D3-BF4B-00C04F79EFBC}") = "two characters from a given", "..\two characters from a given\two characters from a given.csproj", "{B7F39878-8464-4AB4-80EE-586014ED6D64}"
EndProject
Project("{FAE04EC0-301F-11D3-BF4B-00C04F79EFBC}") = "contains ‘w’ character in given string", "..\contains ‘w’ character in given string\contains ‘w’ character in given string.csproj", "{62B2F4CB-A58A-4DA0-9D0E-0DC124EDBD27}"
EndProject
Project("{FAE04EC0-301F-11D3-BF4B-00C04F79EFBC}") = "4 characters in upper case", "..\4 characters in upper case\4 characters in upper case.csproj", "{EB462CEB-C105-4C5E-B70E-D2CD908ABF42}"
EndProject
Project("{FAE04EC0-301F-11D3-BF4B-00C04F79EFBC}") = "(odd position) from the first position of a given string", "..\(odd position) from the first position of a given string\(odd position) from the first position of a given string.csproj", "{A0CBD6C4-6DA3-457D-9616-09FDCE127393}"
EndProject
Global
	GlobalSection(SolutionConfigurationPlatforms) = preSolution
		Debug|Any CPU = Debug|Any CPU
		Release|Any CPU = Release|Any CPU
	EndGlobalSection
	GlobalSection(ProjectConfigurationPlatforms) = postSolution
		{172C5CA3-30EC-41A5-A7DC-AD0B9ED09EC8}.Debug|Any CPU.ActiveCfg = Debug|Any CPU
		{172C5CA3-30EC-41A5-A7DC-AD0B9ED09EC8}.Debug|Any CPU.Build.0 = Debug|Any CPU
		{172C5CA3-30EC-41A5-A7DC-AD0B9ED09EC8}.Release|Any CPU.ActiveCfg = Release|Any CPU
		{172C5CA3-30EC-41A5-A7DC-AD0B9ED09EC8}.Release|Any CPU.Build.0 = Release|Any CPU
		{1CB59CFB-F233-4812-9724-31FE5DFFB016}.Debug|Any CPU.ActiveCfg = Debug|Any CPU
		{1CB59CFB-F233-4812-9724-31FE5DFFB016}.Debug|Any CPU.Build.0 = Debug|Any CPU
		{1CB59CFB-F233-4812-9724-31FE5DFFB016}.Release|Any CPU.ActiveCfg = Release|Any CPU
		{1CB59CFB-F233-4812-9724-31FE5DFFB016}.Release|Any CPU.Build.0 = Release|Any CPU
		{82B84115-EB25-4D33-A910-D63D61BEB1F9}.Debug|Any CPU.ActiveCfg = Debug|Any CPU
		{82B84115-EB25-4D33-A910-D63D61BEB1F9}.Debug|Any CPU.Build.0 = Debug|Any CPU
		{82B84115-EB25-4D33-A910-D63D61BEB1F9}.Release|Any CPU.ActiveCfg = Release|Any CPU
		{82B84115-EB25-4D33-A910-D63D61BEB1F9}.Release|Any CPU.Build.0 = Release|Any CPU
		{47F7B8E3-7CA7-4396-83B2-4CE287BE8AAB}.Debug|Any CPU.ActiveCfg = Debug|Any CPU
		{47F7B8E3-7CA7-4396-83B2-4CE287BE8AAB}.Debug|Any CPU.Build.0 = Debug|Any CPU
		{47F7B8E3-7CA7-4396-83B2-4CE287BE8AAB}.Release|Any CPU.ActiveCfg = Release|Any CPU
		{47F7B8E3-7CA7-4396-83B2-4CE287BE8AAB}.Release|Any CPU.Build.0 = Release|Any CPU
		{80150B38-1638-4DAB-BDF9-3DAD98C55369}.Debug|Any CPU.ActiveCfg = Debug|Any CPU
		{80150B38-1638-4DAB-BDF9-3DAD98C55369}.Debug|Any CPU.Build.0 = Debug|Any CPU
		{80150B38-1638-4DAB-BDF9-3DAD98C55369}.Release|Any CPU.ActiveCfg = Release|Any CPU
		{80150B38-1638-4DAB-BDF9-3DAD98C55369}.Release|Any CPU.Build.0 = Release|Any CPU
		{BD52C17B-2E8F-450E-88CF-9CFDFDF6E9D2}.Debug|Any CPU.ActiveCfg = Debug|Any CPU
		{BD52C17B-2E8F-450E-88CF-9CFDFDF6E9D2}.Debug|Any CPU.Build.0 = Debug|Any CPU
		{BD52C17B-2E8F-450E-88CF-9CFDFDF6E9D2}.Release|Any CPU.ActiveCfg = Release|Any CPU
		{BD52C17B-2E8F-450E-88CF-9CFDFDF6E9D2}.Release|Any CPU.Build.0 = Release|Any CPU
		{FFB30CF4-396B-4432-B275-4E9DBEEF4A6C}.Debug|Any CPU.ActiveCfg = Debug|Any CPU
		{FFB30CF4-396B-4432-B275-4E9DBEEF4A6C}.Debug|Any CPU.Build.0 = Debug|Any CPU
		{FFB30CF4-396B-4432-B275-4E9DBEEF4A6C}.Release|Any CPU.ActiveCfg = Release|Any CPU
		{FFB30CF4-396B-4432-B275-4E9DBEEF4A6C}.Release|Any CPU.Build.0 = Release|Any CPU
		{8A5A3EB4-15B2-40FD-AD91-6104D58A087E}.Debug|Any CPU.ActiveCfg = Debug|Any CPU
		{8A5A3EB4-15B2-40FD-AD91-6104D58A087E}.Debug|Any CPU.Build.0 = Debug|Any CPU
		{8A5A3EB4-15B2-40FD-AD91-6104D58A087E}.Release|Any CPU.ActiveCfg = Release|Any CPU
		{8A5A3EB4-15B2-40FD-AD91-6104D58A087E}.Release|Any CPU.Build.0 = Release|Any CPU
		{5BF383B9-9002-47AA-BA74-1EE10E0C1DF6}.Debug|Any CPU.ActiveCfg = Debug|Any CPU
		{5BF383B9-9002-47AA-BA74-1EE10E0C1DF6}.Debug|Any CPU.Build.0 = Debug|Any CPU
		{5BF383B9-9002-47AA-BA74-1EE10E0C1DF6}.Release|Any CPU.ActiveCfg = Release|Any CPU
		{5BF383B9-9002-47AA-BA74-1EE10E0C1DF6}.Release|Any CPU.Build.0 = Release|Any CPU
		{AD15F5CC-60D5-483A-9EF8-953EAAA7E6A0}.Debug|Any CPU.ActiveCfg = Debug|Any CPU
		{AD15F5CC-60D5-483A-9EF8-953EAAA7E6A0}.Debug|Any CPU.Build.0 = Debug|Any CPU
		{AD15F5CC-60D5-483A-9EF8-953EAAA7E6A0}.Release|Any CPU.ActiveCfg = Release|Any CPU
		{AD15F5CC-60D5-483A-9EF8-953EAAA7E6A0}.Release|Any CPU.Build.0 = Release|Any CPU
		{B7F39878-8464-4AB4-80EE-586014ED6D64}.Debug|Any CPU.ActiveCfg = Debug|Any CPU
		{B7F39878-8464-4AB4-80EE-586014ED6D64}.Debug|Any CPU.Build.0 = Debug|Any CPU
		{B7F39878-8464-4AB4-80EE-586014ED6D64}.Release|Any CPU.ActiveCfg = Release|Any CPU
		{B7F39878-8464-4AB4-80EE-586014ED6D64}.Release|Any CPU.Build.0 = Release|Any CPU
		{62B2F4CB-A58A-4DA0-9D0E-0DC124EDBD27}.Debug|Any CPU.ActiveCfg = Debug|Any CPU
		{62B2F4CB-A58A-4DA0-9D0E-0DC124EDBD27}.Debug|Any CPU.Build.0 = Debug|Any CPU
		{62B2F4CB-A58A-4DA0-9D0E-0DC124EDBD27}.Release|Any CPU.ActiveCfg = Release|Any CPU
		{62B2F4CB-A58A-4DA0-9D0E-0DC124EDBD27}.Release|Any CPU.Build.0 = Release|Any CPU
		{EB462CEB-C105-4C5E-B70E-D2CD908ABF42}.Debug|Any CPU.ActiveCfg = Debug|Any CPU
		{EB462CEB-C105-4C5E-B70E-D2CD908ABF42}.Debug|Any CPU.Build.0 = Debug|Any CPU
		{EB462CEB-C105-4C5E-B70E-D2CD908ABF42}.Release|Any CPU.ActiveCfg = Release|Any CPU
		{EB462CEB-C105-4C5E-B70E-D2CD908ABF42}.Release|Any CPU.Build.0 = Release|Any CPU
		{A0CBD6C4-6DA3-457D-9616-09FDCE127393}.Debug|Any CPU.ActiveCfg = Debug|Any CPU
		{A0CBD6C4-6DA3-457D-9616-09FDCE127393}.Debug|Any CPU.Build.0 = Debug|Any CPU
		{A0CBD6C4-6DA3-457D-9616-09FDCE127393}.Release|Any CPU.ActiveCfg = Release|Any CPU
		{A0CBD6C4-6DA3-457D-9616-09FDCE127393}.Release|Any CPU.Build.0 = Release|Any CPU
	EndGlobalSection
	GlobalSection(SolutionProperties) = preSolution
		HideSolutionNode = FALSE
	EndGlobalSection
	GlobalSection(ExtensibilityGlobals) = postSolution
		SolutionGuid = {034EE715-8058-4361-8EF3-EB0ADE0DACE2}
	EndGlobalSection
EndGlobal
